
Microsoft Visual Studio Solution File, Format Version 12.00
# Visual Studio 15
VisualStudioVersion = 15.0.28307.168
MinimumVisualStudioVersion = 10.0.40219.1
Project("{FAE04EC0-301F-11D3-BF4B-00C04F79EFBC}") = "Adventurer Project", "Adventurer Project\Adventurer Project.csproj", "{221ECC48-56B9-47B8-A401-CE1E1E884321}"
EndProject
Global
	GlobalSection(SolutionConfigurationPlatforms) = preSolution
		Debug|Any CPU = Debug|Any CPU
		Release|Any CPU = Release|Any CPU
	EndGlobalSection
	GlobalSection(ProjectConfigurationPlatforms) = postSolution
		{221ECC48-56B9-47B8-A401-CE1E1E884321}.Debug|Any CPU.ActiveCfg = Debug|Any CPU
		{221ECC48-56B9-47B8-A401-CE1E1E884321}.Debug|Any CPU.Build.0 = Debug|Any CPU
		{221ECC48-56B9-47B8-A401-CE1E1E884321}.Release|Any CPU.ActiveCfg = Release|Any CPU
		{221ECC48-56B9-47B8-A401-CE1E1E884321}.Release|Any CPU.Build.0 = Release|Any CPU
	EndGlobalSection
	GlobalSection(SolutionProperties) = preSolution
		HideSolutionNode = FALSE
	EndGlobalSection
	GlobalSection(ExtensibilityGlobals) = postSolution
		SolutionGuid = {DB0B59C1-5F4B-46C1-B5C1-0AEB586A27D0}
	EndGlobalSection
EndGlobal
